
Microsoft Visual Studio Solution File, Format Version 12.00
# Visual Studio Version 16
VisualStudioVersion = 16.0.32126.315
MinimumVisualStudioVersion = 10.0.40219.1
Project("{FAE04EC0-301F-11D3-BF4B-00C04F79EFBC}") = "FitZona", "FitZona\FitZona.csproj", "{20613E1E-F0F8-4C09-B49F-AD6584E2B371}"
EndProject
Global
	GlobalSection(SolutionConfigurationPlatforms) = preSolution
		Debug|Any CPU = Debug|Any CPU
		Release|Any CPU = Release|Any CPU
	EndGlobalSection
	GlobalSection(ProjectConfigurationPlatforms) = postSolution
		{20613E1E-F0F8-4C09-B49F-AD6584E2B371}.Debug|Any CPU.ActiveCfg = Debug|Any CPU
		{20613E1E-F0F8-4C09-B49F-AD6584E2B371}.Debug|Any CPU.Build.0 = Debug|Any CPU
		{20613E1E-F0F8-4C09-B49F-AD6584E2B371}.Release|Any CPU.ActiveCfg = Release|Any CPU
		{20613E1E-F0F8-4C09-B49F-AD6584E2B371}.Release|Any CPU.Build.0 = Release|Any CPU
	EndGlobalSection
	GlobalSection(SolutionProperties) = preSolution
		HideSolutionNode = FALSE
	EndGlobalSection
	GlobalSection(ExtensibilityGlobals) = postSolution
		SolutionGuid = {FBD86CFB-6EFA-42D2-9E22-B24CD31C4874}
	EndGlobalSection
EndGlobal
